
Microsoft Visual Studio Solution File, Format Version 12.00
# Visual Studio Version 16
VisualStudioVersion = 16.0.30011.22
MinimumVisualStudioVersion = 10.0.40219.1
Project("{9A19103F-16F7-4668-BE54-9A1E7A4F7556}") = "Homework", "Homework\Homework.csproj", "{8AE8DF70-E343-4542-A771-6F64981C9F8C}"
EndProject
Project("{9A19103F-16F7-4668-BE54-9A1E7A4F7556}") = "Homework2", "Homework2\Homework2.csproj", "{90FEDE40-4216-4C2B-9982-935B09F63BAD}"
EndProject
Project("{9A19103F-16F7-4668-BE54-9A1E7A4F7556}") = "Homework3", "Homework3\Homework3.csproj", "{99176EA3-6D0B-4249-A72F-7F3423BD432F}"
EndProject
Project("{9A19103F-16F7-4668-BE54-9A1E7A4F7556}") = "Homework4", "Homework4\Homework4.csproj", "{405DF9DF-045B-47CC-ACB5-47C3185D0A93}"
EndProject
Project("{9A19103F-16F7-4668-BE54-9A1E7A4F7556}") = "Homework5", "Homework5\Homework5.csproj", "{3DFB0A30-6AC5-4870-A844-A6B5E567F436}"
EndProject
Project("{9A19103F-16F7-4668-BE54-9A1E7A4F7556}") = "Homework6", "Homework6\Homework6.csproj", "{612F0982-9BD6-4C75-89CC-EFD8F7807CEB}"
EndProject
Project("{FAE04EC0-301F-11D3-BF4B-00C04F79EFBC}") = "Homework7", "Homework7\Homework7.csproj", "{F98F63BE-7A77-4B3F-ACAB-86F3EDC44846}"
EndProject
Global
	GlobalSection(SolutionConfigurationPlatforms) = preSolution
		Debug|Any CPU = Debug|Any CPU
		Release|Any CPU = Release|Any CPU
	EndGlobalSection
	GlobalSection(ProjectConfigurationPlatforms) = postSolution
		{8AE8DF70-E343-4542-A771-6F64981C9F8C}.Debug|Any CPU.ActiveCfg = Debug|Any CPU
		{8AE8DF70-E343-4542-A771-6F64981C9F8C}.Debug|Any CPU.Build.0 = Debug|Any CPU
		{8AE8DF70-E343-4542-A771-6F64981C9F8C}.Release|Any CPU.ActiveCfg = Release|Any CPU
		{8AE8DF70-E343-4542-A771-6F64981C9F8C}.Release|Any CPU.Build.0 = Release|Any CPU
		{90FEDE40-4216-4C2B-9982-935B09F63BAD}.Debug|Any CPU.ActiveCfg = Debug|Any CPU
		{90FEDE40-4216-4C2B-9982-935B09F63BAD}.Debug|Any CPU.Build.0 = Debug|Any CPU
		{90FEDE40-4216-4C2B-9982-935B09F63BAD}.Release|Any CPU.ActiveCfg = Release|Any CPU
		{90FEDE40-4216-4C2B-9982-935B09F63BAD}.Release|Any CPU.Build.0 = Release|Any CPU
		{99176EA3-6D0B-4249-A72F-7F3423BD432F}.Debug|Any CPU.ActiveCfg = Debug|Any CPU
		{99176EA3-6D0B-4249-A72F-7F3423BD432F}.Debug|Any CPU.Build.0 = Debug|Any CPU
		{99176EA3-6D0B-4249-A72F-7F3423BD432F}.Release|Any CPU.ActiveCfg = Release|Any CPU
		{99176EA3-6D0B-4249-A72F-7F3423BD432F}.Release|Any CPU.Build.0 = Release|Any CPU
		{405DF9DF-045B-47CC-ACB5-47C3185D0A93}.Debug|Any CPU.ActiveCfg = Debug|Any CPU
		{405DF9DF-045B-47CC-ACB5-47C3185D0A93}.Debug|Any CPU.Build.0 = Debug|Any CPU
		{405DF9DF-045B-47CC-ACB5-47C3185D0A93}.Release|Any CPU.ActiveCfg = Release|Any CPU
		{405DF9DF-045B-47CC-ACB5-47C3185D0A93}.Release|Any CPU.Build.0 = Release|Any CPU
		{3DFB0A30-6AC5-4870-A844-A6B5E567F436}.Debug|Any CPU.ActiveCfg = Debug|Any CPU
		{3DFB0A30-6AC5-4870-A844-A6B5E567F436}.Debug|Any CPU.Build.0 = Debug|Any CPU
		{3DFB0A30-6AC5-4870-A844-A6B5E567F436}.Release|Any CPU.ActiveCfg = Release|Any CPU
		{3DFB0A30-6AC5-4870-A844-A6B5E567F436}.Release|Any CPU.Build.0 = Release|Any CPU
		{612F0982-9BD6-4C75-89CC-EFD8F7807CEB}.Debug|Any CPU.ActiveCfg = Debug|Any CPU
		{612F0982-9BD6-4C75-89CC-EFD8F7807CEB}.Debug|Any CPU.Build.0 = Debug|Any CPU
		{612F0982-9BD6-4C75-89CC-EFD8F7807CEB}.Release|Any CPU.ActiveCfg = Release|Any CPU
		{612F0982-9BD6-4C75-89CC-EFD8F7807CEB}.Release|Any CPU.Build.0 = Release|Any CPU
		{F98F63BE-7A77-4B3F-ACAB-86F3EDC44846}.Debug|Any CPU.ActiveCfg = Debug|Any CPU
		{F98F63BE-7A77-4B3F-ACAB-86F3EDC44846}.Debug|Any CPU.Build.0 = Debug|Any CPU
		{F98F63BE-7A77-4B3F-ACAB-86F3EDC44846}.Release|Any CPU.ActiveCfg = Release|Any CPU
		{F98F63BE-7A77-4B3F-ACAB-86F3EDC44846}.Release|Any CPU.Build.0 = Release|Any CPU
	EndGlobalSection
	GlobalSection(SolutionProperties) = preSolution
		HideSolutionNode = FALSE
	EndGlobalSection
	GlobalSection(ExtensibilityGlobals) = postSolution
		SolutionGuid = {3E5DECFE-FCDD-4FE3-A040-2448C2E6883A}
	EndGlobalSection
EndGlobal
