
Microsoft Visual Studio Solution File, Format Version 12.00
# Visual Studio Version 16
VisualStudioVersion = 16.0.30011.22
MinimumVisualStudioVersion = 10.0.40219.1
Project("{FAE04EC0-301F-11D3-BF4B-00C04F79EFBC}") = "Exercise", "Exercise\Exercise.csproj", "{2F7B73D2-91E1-4543-859F-6297FA794D2D}"
EndProject
Project("{FAE04EC0-301F-11D3-BF4B-00C04F79EFBC}") = "Exercise2", "Exercise2\Exercise2.csproj", "{71ADFC6E-DDE4-4B85-9502-C69358DDB040}"
EndProject
Project("{FAE04EC0-301F-11D3-BF4B-00C04F79EFBC}") = "Exercise3", "Exercise3\Exercise3.csproj", "{2D8C05E0-F0FC-45A6-A792-88F56C91F56A}"
EndProject
Project("{FAE04EC0-301F-11D3-BF4B-00C04F79EFBC}") = "Exercise4", "Exercise4\Exercise4.csproj", "{9BF8216A-FD56-479D-B7BA-4D85263612A0}"
EndProject
Project("{FAE04EC0-301F-11D3-BF4B-00C04F79EFBC}") = "Exercise5", "Exercise5\Exercise5.csproj", "{3CD289B3-9F73-4AF5-AD5E-7EEFBD9C185C}"
EndProject
Project("{FAE04EC0-301F-11D3-BF4B-00C04F79EFBC}") = "Exercise6", "Exercise6\Exercise6.csproj", "{5EAE4CC9-C18D-4086-AD51-952ECDF867E8}"
EndProject
Project("{FAE04EC0-301F-11D3-BF4B-00C04F79EFBC}") = "Exercise7", "Exercise7\Exercise7.csproj", "{672F9FD9-081F-451C-AD1C-CFEB94EA225B}"
EndProject
Global
	GlobalSection(SolutionConfigurationPlatforms) = preSolution
		Debug|Any CPU = Debug|Any CPU
		Release|Any CPU = Release|Any CPU
	EndGlobalSection
	GlobalSection(ProjectConfigurationPlatforms) = postSolution
		{2F7B73D2-91E1-4543-859F-6297FA794D2D}.Debug|Any CPU.ActiveCfg = Debug|Any CPU
		{2F7B73D2-91E1-4543-859F-6297FA794D2D}.Debug|Any CPU.Build.0 = Debug|Any CPU
		{2F7B73D2-91E1-4543-859F-6297FA794D2D}.Release|Any CPU.ActiveCfg = Release|Any CPU
		{2F7B73D2-91E1-4543-859F-6297FA794D2D}.Release|Any CPU.Build.0 = Release|Any CPU
		{71ADFC6E-DDE4-4B85-9502-C69358DDB040}.Debug|Any CPU.ActiveCfg = Debug|Any CPU
		{71ADFC6E-DDE4-4B85-9502-C69358DDB040}.Debug|Any CPU.Build.0 = Debug|Any CPU
		{71ADFC6E-DDE4-4B85-9502-C69358DDB040}.Release|Any CPU.ActiveCfg = Release|Any CPU
		{71ADFC6E-DDE4-4B85-9502-C69358DDB040}.Release|Any CPU.Build.0 = Release|Any CPU
		{2D8C05E0-F0FC-45A6-A792-88F56C91F56A}.Debug|Any CPU.ActiveCfg = Debug|Any CPU
		{2D8C05E0-F0FC-45A6-A792-88F56C91F56A}.Debug|Any CPU.Build.0 = Debug|Any CPU
		{2D8C05E0-F0FC-45A6-A792-88F56C91F56A}.Release|Any CPU.ActiveCfg = Release|Any CPU
		{2D8C05E0-F0FC-45A6-A792-88F56C91F56A}.Release|Any CPU.Build.0 = Release|Any CPU
		{9BF8216A-FD56-479D-B7BA-4D85263612A0}.Debug|Any CPU.ActiveCfg = Debug|Any CPU
		{9BF8216A-FD56-479D-B7BA-4D85263612A0}.Debug|Any CPU.Build.0 = Debug|Any CPU
		{9BF8216A-FD56-479D-B7BA-4D85263612A0}.Release|Any CPU.ActiveCfg = Release|Any CPU
		{9BF8216A-FD56-479D-B7BA-4D85263612A0}.Release|Any CPU.Build.0 = Release|Any CPU
		{3CD289B3-9F73-4AF5-AD5E-7EEFBD9C185C}.Debug|Any CPU.ActiveCfg = Debug|Any CPU
		{3CD289B3-9F73-4AF5-AD5E-7EEFBD9C185C}.Debug|Any CPU.Build.0 = Debug|Any CPU
		{3CD289B3-9F73-4AF5-AD5E-7EEFBD9C185C}.Release|Any CPU.ActiveCfg = Release|Any CPU
		{3CD289B3-9F73-4AF5-AD5E-7EEFBD9C185C}.Release|Any CPU.Build.0 = Release|Any CPU
		{5EAE4CC9-C18D-4086-AD51-952ECDF867E8}.Debug|Any CPU.ActiveCfg = Debug|Any CPU
		{5EAE4CC9-C18D-4086-AD51-952ECDF867E8}.Debug|Any CPU.Build.0 = Debug|Any CPU
		{5EAE4CC9-C18D-4086-AD51-952ECDF867E8}.Release|Any CPU.ActiveCfg = Release|Any CPU
		{5EAE4CC9-C18D-4086-AD51-952ECDF867E8}.Release|Any CPU.Build.0 = Release|Any CPU
		{672F9FD9-081F-451C-AD1C-CFEB94EA225B}.Debug|Any CPU.ActiveCfg = Debug|Any CPU
		{672F9FD9-081F-451C-AD1C-CFEB94EA225B}.Debug|Any CPU.Build.0 = Debug|Any CPU
		{672F9FD9-081F-451C-AD1C-CFEB94EA225B}.Release|Any CPU.ActiveCfg = Release|Any CPU
		{672F9FD9-081F-451C-AD1C-CFEB94EA225B}.Release|Any CPU.Build.0 = Release|Any CPU
	EndGlobalSection
	GlobalSection(SolutionProperties) = preSolution
		HideSolutionNode = FALSE
	EndGlobalSection
	GlobalSection(ExtensibilityGlobals) = postSolution
		SolutionGuid = {485E1815-A70C-4ADB-A573-EAC20F8FA8DF}
	EndGlobalSection
EndGlobal
