
Microsoft Visual Studio Solution File, Format Version 12.00
# Visual Studio Version 16
VisualStudioVersion = 16.0.31112.23
MinimumVisualStudioVersion = 10.0.40219.1
Project("{FAE04EC0-301F-11D3-BF4B-00C04F79EFBC}") = "Generics", "Generics\Generics.csproj", "{79654F06-D71B-4D03-BF4E-402A94074F80}"
EndProject
Global
	GlobalSection(SolutionConfigurationPlatforms) = preSolution
		Debug|Any CPU = Debug|Any CPU
		Release|Any CPU = Release|Any CPU
	EndGlobalSection
	GlobalSection(ProjectConfigurationPlatforms) = postSolution
		{79654F06-D71B-4D03-BF4E-402A94074F80}.Debug|Any CPU.ActiveCfg = Debug|Any CPU
		{79654F06-D71B-4D03-BF4E-402A94074F80}.Debug|Any CPU.Build.0 = Debug|Any CPU
		{79654F06-D71B-4D03-BF4E-402A94074F80}.Release|Any CPU.ActiveCfg = Release|Any CPU
		{79654F06-D71B-4D03-BF4E-402A94074F80}.Release|Any CPU.Build.0 = Release|Any CPU
	EndGlobalSection
	GlobalSection(SolutionProperties) = preSolution
		HideSolutionNode = FALSE
	EndGlobalSection
	GlobalSection(ExtensibilityGlobals) = postSolution
		SolutionGuid = {F17F118D-E4AB-4E88-BAD0-F7D5D226C707}
	EndGlobalSection
EndGlobal
