
Microsoft Visual Studio Solution File, Format Version 12.00
# Visual Studio Version 16
VisualStudioVersion = 16.0.31112.23
MinimumVisualStudioVersion = 10.0.40219.1
Project("{FAE04EC0-301F-11D3-BF4B-00C04F79EFBC}") = "1. Furniture", "1. Furniture\1. Furniture.csproj", "{0D94C59E-7783-4A21-B0DA-582A69E38EA7}"
EndProject
Project("{FAE04EC0-301F-11D3-BF4B-00C04F79EFBC}") = "2. Race", "2. Race\2. Race.csproj", "{7C41A735-74E2-4BDC-B165-62B2D16C3584}"
EndProject
Project("{FAE04EC0-301F-11D3-BF4B-00C04F79EFBC}") = "3. SoftUni Bar Income", "3. SoftUni Bar Income\3. SoftUni Bar Income.csproj", "{8E675D1E-697D-42F0-9043-2AB2AEDE9F93}"
EndProject
Project("{FAE04EC0-301F-11D3-BF4B-00C04F79EFBC}") = "4. Star Enigma", "4. Star Enigma\4. Star Enigma.csproj", "{FE356C0C-563D-4E83-925C-9E126DF86849}"
EndProject
Project("{FAE04EC0-301F-11D3-BF4B-00C04F79EFBC}") = "5. Nether Realms", "5. Nether Realms\5. Nether Realms.csproj", "{F9256611-2269-42AE-AB1F-AB0E219054FA}"
EndProject
Project("{FAE04EC0-301F-11D3-BF4B-00C04F79EFBC}") = "6. Extract Emails", "6. Extract Emails\6. Extract Emails.csproj", "{6F657354-2F29-4AB9-84E7-175C4171FE1D}"
EndProject
Global
	GlobalSection(SolutionConfigurationPlatforms) = preSolution
		Debug|Any CPU = Debug|Any CPU
		Release|Any CPU = Release|Any CPU
	EndGlobalSection
	GlobalSection(ProjectConfigurationPlatforms) = postSolution
		{0D94C59E-7783-4A21-B0DA-582A69E38EA7}.Debug|Any CPU.ActiveCfg = Debug|Any CPU
		{0D94C59E-7783-4A21-B0DA-582A69E38EA7}.Debug|Any CPU.Build.0 = Debug|Any CPU
		{0D94C59E-7783-4A21-B0DA-582A69E38EA7}.Release|Any CPU.ActiveCfg = Release|Any CPU
		{0D94C59E-7783-4A21-B0DA-582A69E38EA7}.Release|Any CPU.Build.0 = Release|Any CPU
		{7C41A735-74E2-4BDC-B165-62B2D16C3584}.Debug|Any CPU.ActiveCfg = Debug|Any CPU
		{7C41A735-74E2-4BDC-B165-62B2D16C3584}.Debug|Any CPU.Build.0 = Debug|Any CPU
		{7C41A735-74E2-4BDC-B165-62B2D16C3584}.Release|Any CPU.ActiveCfg = Release|Any CPU
		{7C41A735-74E2-4BDC-B165-62B2D16C3584}.Release|Any CPU.Build.0 = Release|Any CPU
		{8E675D1E-697D-42F0-9043-2AB2AEDE9F93}.Debug|Any CPU.ActiveCfg = Debug|Any CPU
		{8E675D1E-697D-42F0-9043-2AB2AEDE9F93}.Debug|Any CPU.Build.0 = Debug|Any CPU
		{8E675D1E-697D-42F0-9043-2AB2AEDE9F93}.Release|Any CPU.ActiveCfg = Release|Any CPU
		{8E675D1E-697D-42F0-9043-2AB2AEDE9F93}.Release|Any CPU.Build.0 = Release|Any CPU
		{FE356C0C-563D-4E83-925C-9E126DF86849}.Debug|Any CPU.ActiveCfg = Debug|Any CPU
		{FE356C0C-563D-4E83-925C-9E126DF86849}.Debug|Any CPU.Build.0 = Debug|Any CPU
		{FE356C0C-563D-4E83-925C-9E126DF86849}.Release|Any CPU.ActiveCfg = Release|Any CPU
		{FE356C0C-563D-4E83-925C-9E126DF86849}.Release|Any CPU.Build.0 = Release|Any CPU
		{F9256611-2269-42AE-AB1F-AB0E219054FA}.Debug|Any CPU.ActiveCfg = Debug|Any CPU
		{F9256611-2269-42AE-AB1F-AB0E219054FA}.Debug|Any CPU.Build.0 = Debug|Any CPU
		{F9256611-2269-42AE-AB1F-AB0E219054FA}.Release|Any CPU.ActiveCfg = Release|Any CPU
		{F9256611-2269-42AE-AB1F-AB0E219054FA}.Release|Any CPU.Build.0 = Release|Any CPU
		{6F657354-2F29-4AB9-84E7-175C4171FE1D}.Debug|Any CPU.ActiveCfg = Debug|Any CPU
		{6F657354-2F29-4AB9-84E7-175C4171FE1D}.Debug|Any CPU.Build.0 = Debug|Any CPU
		{6F657354-2F29-4AB9-84E7-175C4171FE1D}.Release|Any CPU.ActiveCfg = Release|Any CPU
		{6F657354-2F29-4AB9-84E7-175C4171FE1D}.Release|Any CPU.Build.0 = Release|Any CPU
	EndGlobalSection
	GlobalSection(SolutionProperties) = preSolution
		HideSolutionNode = FALSE
	EndGlobalSection
	GlobalSection(ExtensibilityGlobals) = postSolution
		SolutionGuid = {B673E868-CDED-4270-9877-BC51C36CBFD6}
	EndGlobalSection
EndGlobal
