
Microsoft Visual Studio Solution File, Format Version 12.00
# Visual Studio Version 16
VisualStudioVersion = 16.0.30011.22
MinimumVisualStudioVersion = 10.0.40219.1
Project("{9A19103F-16F7-4668-BE54-9A1E7A4F7556}") = "1. Sign of Integer Numbers", "Methods\1. Sign of Integer Numbers.csproj", "{0B83D88F-CC7E-478A-AE49-E97AC61DE0F9}"
EndProject
Project("{9A19103F-16F7-4668-BE54-9A1E7A4F7556}") = "Grades", "Grades\Grades.csproj", "{3CFDC377-AA4E-4983-BEE2-941FF423F17E}"
EndProject
Project("{9A19103F-16F7-4668-BE54-9A1E7A4F7556}") = "Calculations", "Calculations\Calculations.csproj", "{990E7020-7116-49C8-B189-1B0094953D78}"
EndProject
Project("{9A19103F-16F7-4668-BE54-9A1E7A4F7556}") = "4. Printing Triangle", "4. Printing Triangle\4. Printing Triangle.csproj", "{8BCB7090-B25C-45D6-B541-BD0466507A2B}"
EndProject
Project("{FAE04EC0-301F-11D3-BF4B-00C04F79EFBC}") = "5. Orders", "5. Orders\5. Orders.csproj", "{7B674C27-8CA9-4230-93AB-896F1EA4551B}"
EndProject
Global
	GlobalSection(SolutionConfigurationPlatforms) = preSolution
		Debug|Any CPU = Debug|Any CPU
		Release|Any CPU = Release|Any CPU
	EndGlobalSection
	GlobalSection(ProjectConfigurationPlatforms) = postSolution
		{0B83D88F-CC7E-478A-AE49-E97AC61DE0F9}.Debug|Any CPU.ActiveCfg = Debug|Any CPU
		{0B83D88F-CC7E-478A-AE49-E97AC61DE0F9}.Debug|Any CPU.Build.0 = Debug|Any CPU
		{0B83D88F-CC7E-478A-AE49-E97AC61DE0F9}.Release|Any CPU.ActiveCfg = Release|Any CPU
		{0B83D88F-CC7E-478A-AE49-E97AC61DE0F9}.Release|Any CPU.Build.0 = Release|Any CPU
		{3CFDC377-AA4E-4983-BEE2-941FF423F17E}.Debug|Any CPU.ActiveCfg = Debug|Any CPU
		{3CFDC377-AA4E-4983-BEE2-941FF423F17E}.Debug|Any CPU.Build.0 = Debug|Any CPU
		{3CFDC377-AA4E-4983-BEE2-941FF423F17E}.Release|Any CPU.ActiveCfg = Release|Any CPU
		{3CFDC377-AA4E-4983-BEE2-941FF423F17E}.Release|Any CPU.Build.0 = Release|Any CPU
		{990E7020-7116-49C8-B189-1B0094953D78}.Debug|Any CPU.ActiveCfg = Debug|Any CPU
		{990E7020-7116-49C8-B189-1B0094953D78}.Debug|Any CPU.Build.0 = Debug|Any CPU
		{990E7020-7116-49C8-B189-1B0094953D78}.Release|Any CPU.ActiveCfg = Release|Any CPU
		{990E7020-7116-49C8-B189-1B0094953D78}.Release|Any CPU.Build.0 = Release|Any CPU
		{8BCB7090-B25C-45D6-B541-BD0466507A2B}.Debug|Any CPU.ActiveCfg = Debug|Any CPU
		{8BCB7090-B25C-45D6-B541-BD0466507A2B}.Debug|Any CPU.Build.0 = Debug|Any CPU
		{8BCB7090-B25C-45D6-B541-BD0466507A2B}.Release|Any CPU.ActiveCfg = Release|Any CPU
		{8BCB7090-B25C-45D6-B541-BD0466507A2B}.Release|Any CPU.Build.0 = Release|Any CPU
		{7B674C27-8CA9-4230-93AB-896F1EA4551B}.Debug|Any CPU.ActiveCfg = Debug|Any CPU
		{7B674C27-8CA9-4230-93AB-896F1EA4551B}.Debug|Any CPU.Build.0 = Debug|Any CPU
		{7B674C27-8CA9-4230-93AB-896F1EA4551B}.Release|Any CPU.ActiveCfg = Release|Any CPU
		{7B674C27-8CA9-4230-93AB-896F1EA4551B}.Release|Any CPU.Build.0 = Release|Any CPU
	EndGlobalSection
	GlobalSection(SolutionProperties) = preSolution
		HideSolutionNode = FALSE
	EndGlobalSection
	GlobalSection(ExtensibilityGlobals) = postSolution
		SolutionGuid = {6460939C-B321-41B1-8617-C8605F16759D}
	EndGlobalSection
EndGlobal
