
Microsoft Visual Studio Solution File, Format Version 12.00
# Visual Studio Version 16
VisualStudioVersion = 16.0.30011.22
MinimumVisualStudioVersion = 10.0.40219.1
Project("{FAE04EC0-301F-11D3-BF4B-00C04F79EFBC}") = "Exercise1", "Exercise1\Exercise1.csproj", "{9861074D-A72F-4B9D-AF30-3E0CC4EE48FC}"
EndProject
Project("{FAE04EC0-301F-11D3-BF4B-00C04F79EFBC}") = "Exercise2", "Exercise2\Exercise2.csproj", "{B58249DA-4602-480A-A819-8C410C9BAA8C}"
EndProject
Project("{FAE04EC0-301F-11D3-BF4B-00C04F79EFBC}") = "Exercise3", "Exercise3\Exercise3.csproj", "{88BA3239-1E96-4244-A5D4-C67A87115F6C}"
EndProject
Project("{FAE04EC0-301F-11D3-BF4B-00C04F79EFBC}") = "Exercise4", "Exercise4\Exercise4.csproj", "{74A4590E-AFC0-460E-B4F8-0CEE83E4E5E6}"
EndProject
Project("{FAE04EC0-301F-11D3-BF4B-00C04F79EFBC}") = "Exercise5", "Exercise5\Exercise5.csproj", "{B91C1B57-26DF-434B-A346-755CB08EDBDB}"
EndProject
Project("{FAE04EC0-301F-11D3-BF4B-00C04F79EFBC}") = "Exersice6", "Exersice6\Exersice6.csproj", "{6F87C441-062C-4598-80CD-013C4429183F}"
EndProject
Project("{FAE04EC0-301F-11D3-BF4B-00C04F79EFBC}") = "Exercise7", "Exercise7\Exercise7.csproj", "{745D3376-9260-45E1-BFBB-3FB5AE1B81F3}"
EndProject
Global
	GlobalSection(SolutionConfigurationPlatforms) = preSolution
		Debug|Any CPU = Debug|Any CPU
		Release|Any CPU = Release|Any CPU
	EndGlobalSection
	GlobalSection(ProjectConfigurationPlatforms) = postSolution
		{9861074D-A72F-4B9D-AF30-3E0CC4EE48FC}.Debug|Any CPU.ActiveCfg = Debug|Any CPU
		{9861074D-A72F-4B9D-AF30-3E0CC4EE48FC}.Debug|Any CPU.Build.0 = Debug|Any CPU
		{9861074D-A72F-4B9D-AF30-3E0CC4EE48FC}.Release|Any CPU.ActiveCfg = Release|Any CPU
		{9861074D-A72F-4B9D-AF30-3E0CC4EE48FC}.Release|Any CPU.Build.0 = Release|Any CPU
		{B58249DA-4602-480A-A819-8C410C9BAA8C}.Debug|Any CPU.ActiveCfg = Debug|Any CPU
		{B58249DA-4602-480A-A819-8C410C9BAA8C}.Debug|Any CPU.Build.0 = Debug|Any CPU
		{B58249DA-4602-480A-A819-8C410C9BAA8C}.Release|Any CPU.ActiveCfg = Release|Any CPU
		{B58249DA-4602-480A-A819-8C410C9BAA8C}.Release|Any CPU.Build.0 = Release|Any CPU
		{88BA3239-1E96-4244-A5D4-C67A87115F6C}.Debug|Any CPU.ActiveCfg = Debug|Any CPU
		{88BA3239-1E96-4244-A5D4-C67A87115F6C}.Debug|Any CPU.Build.0 = Debug|Any CPU
		{88BA3239-1E96-4244-A5D4-C67A87115F6C}.Release|Any CPU.ActiveCfg = Release|Any CPU
		{88BA3239-1E96-4244-A5D4-C67A87115F6C}.Release|Any CPU.Build.0 = Release|Any CPU
		{74A4590E-AFC0-460E-B4F8-0CEE83E4E5E6}.Debug|Any CPU.ActiveCfg = Debug|Any CPU
		{74A4590E-AFC0-460E-B4F8-0CEE83E4E5E6}.Debug|Any CPU.Build.0 = Debug|Any CPU
		{74A4590E-AFC0-460E-B4F8-0CEE83E4E5E6}.Release|Any CPU.ActiveCfg = Release|Any CPU
		{74A4590E-AFC0-460E-B4F8-0CEE83E4E5E6}.Release|Any CPU.Build.0 = Release|Any CPU
		{B91C1B57-26DF-434B-A346-755CB08EDBDB}.Debug|Any CPU.ActiveCfg = Debug|Any CPU
		{B91C1B57-26DF-434B-A346-755CB08EDBDB}.Debug|Any CPU.Build.0 = Debug|Any CPU
		{B91C1B57-26DF-434B-A346-755CB08EDBDB}.Release|Any CPU.ActiveCfg = Release|Any CPU
		{B91C1B57-26DF-434B-A346-755CB08EDBDB}.Release|Any CPU.Build.0 = Release|Any CPU
		{6F87C441-062C-4598-80CD-013C4429183F}.Debug|Any CPU.ActiveCfg = Debug|Any CPU
		{6F87C441-062C-4598-80CD-013C4429183F}.Debug|Any CPU.Build.0 = Debug|Any CPU
		{6F87C441-062C-4598-80CD-013C4429183F}.Release|Any CPU.ActiveCfg = Release|Any CPU
		{6F87C441-062C-4598-80CD-013C4429183F}.Release|Any CPU.Build.0 = Release|Any CPU
		{745D3376-9260-45E1-BFBB-3FB5AE1B81F3}.Debug|Any CPU.ActiveCfg = Debug|Any CPU
		{745D3376-9260-45E1-BFBB-3FB5AE1B81F3}.Debug|Any CPU.Build.0 = Debug|Any CPU
		{745D3376-9260-45E1-BFBB-3FB5AE1B81F3}.Release|Any CPU.ActiveCfg = Release|Any CPU
		{745D3376-9260-45E1-BFBB-3FB5AE1B81F3}.Release|Any CPU.Build.0 = Release|Any CPU
	EndGlobalSection
	GlobalSection(SolutionProperties) = preSolution
		HideSolutionNode = FALSE
	EndGlobalSection
	GlobalSection(ExtensibilityGlobals) = postSolution
		SolutionGuid = {0F83424E-6DC3-48A0-92C1-6970ADCF9D77}
	EndGlobalSection
EndGlobal
