
Microsoft Visual Studio Solution File, Format Version 12.00
# Visual Studio Version 16
VisualStudioVersion = 16.0.30011.22
MinimumVisualStudioVersion = 10.0.40219.1
Project("{FAE04EC0-301F-11D3-BF4B-00C04F79EFBC}") = "WExercise1", "WExercise1\WExercise1.csproj", "{8FEC145B-3FA4-4D77-803D-002AF46386B2}"
EndProject
Project("{FAE04EC0-301F-11D3-BF4B-00C04F79EFBC}") = "Exrecise2", "Exrecise2\Exrecise2.csproj", "{0C01B094-ABC2-49FE-9C09-0D17CA1F946A}"
EndProject
Global
	GlobalSection(SolutionConfigurationPlatforms) = preSolution
		Debug|Any CPU = Debug|Any CPU
		Release|Any CPU = Release|Any CPU
	EndGlobalSection
	GlobalSection(ProjectConfigurationPlatforms) = postSolution
		{8FEC145B-3FA4-4D77-803D-002AF46386B2}.Debug|Any CPU.ActiveCfg = Debug|Any CPU
		{8FEC145B-3FA4-4D77-803D-002AF46386B2}.Debug|Any CPU.Build.0 = Debug|Any CPU
		{8FEC145B-3FA4-4D77-803D-002AF46386B2}.Release|Any CPU.ActiveCfg = Release|Any CPU
		{8FEC145B-3FA4-4D77-803D-002AF46386B2}.Release|Any CPU.Build.0 = Release|Any CPU
		{0C01B094-ABC2-49FE-9C09-0D17CA1F946A}.Debug|Any CPU.ActiveCfg = Debug|Any CPU
		{0C01B094-ABC2-49FE-9C09-0D17CA1F946A}.Debug|Any CPU.Build.0 = Debug|Any CPU
		{0C01B094-ABC2-49FE-9C09-0D17CA1F946A}.Release|Any CPU.ActiveCfg = Release|Any CPU
		{0C01B094-ABC2-49FE-9C09-0D17CA1F946A}.Release|Any CPU.Build.0 = Release|Any CPU
	EndGlobalSection
	GlobalSection(SolutionProperties) = preSolution
		HideSolutionNode = FALSE
	EndGlobalSection
	GlobalSection(ExtensibilityGlobals) = postSolution
		SolutionGuid = {7C5BF5D4-70D3-4109-A043-0640D4AD7BEC}
	EndGlobalSection
EndGlobal
