
Microsoft Visual Studio Solution File, Format Version 12.00
# Visual Studio Version 16
VisualStudioVersion = 16.0.31112.23
MinimumVisualStudioVersion = 10.0.40219.1
Project("{FAE04EC0-301F-11D3-BF4B-00C04F79EFBC}") = "1. Reverse Strings", "1. Reverse Strings\1. Reverse Strings.csproj", "{7992BD47-0394-4DFE-83AA-58B30266CAD5}"
EndProject
Project("{FAE04EC0-301F-11D3-BF4B-00C04F79EFBC}") = "2. Repeat Strings", "2. Repeat Strings\2. Repeat Strings.csproj", "{AC19E714-9286-49AD-8328-5CE352CABA7D}"
EndProject
Project("{FAE04EC0-301F-11D3-BF4B-00C04F79EFBC}") = "3. Substring", "3. Substring\3. Substring.csproj", "{564A7C47-3304-479F-A475-11425C079545}"
EndProject
Project("{FAE04EC0-301F-11D3-BF4B-00C04F79EFBC}") = "4. Text Filter", "4. Text Filter\4. Text Filter.csproj", "{937C6AF0-F0A5-42C9-982A-66756F856C47}"
EndProject
Project("{FAE04EC0-301F-11D3-BF4B-00C04F79EFBC}") = "5. Digits, Letters and Other", "5. Digits, Letters and Other\5. Digits, Letters and Other.csproj", "{EC32A3BE-DA27-4B01-896B-0832F29ADFF5}"
EndProject
Global
	GlobalSection(SolutionConfigurationPlatforms) = preSolution
		Debug|Any CPU = Debug|Any CPU
		Release|Any CPU = Release|Any CPU
	EndGlobalSection
	GlobalSection(ProjectConfigurationPlatforms) = postSolution
		{7992BD47-0394-4DFE-83AA-58B30266CAD5}.Debug|Any CPU.ActiveCfg = Debug|Any CPU
		{7992BD47-0394-4DFE-83AA-58B30266CAD5}.Debug|Any CPU.Build.0 = Debug|Any CPU
		{7992BD47-0394-4DFE-83AA-58B30266CAD5}.Release|Any CPU.ActiveCfg = Release|Any CPU
		{7992BD47-0394-4DFE-83AA-58B30266CAD5}.Release|Any CPU.Build.0 = Release|Any CPU
		{AC19E714-9286-49AD-8328-5CE352CABA7D}.Debug|Any CPU.ActiveCfg = Debug|Any CPU
		{AC19E714-9286-49AD-8328-5CE352CABA7D}.Debug|Any CPU.Build.0 = Debug|Any CPU
		{AC19E714-9286-49AD-8328-5CE352CABA7D}.Release|Any CPU.ActiveCfg = Release|Any CPU
		{AC19E714-9286-49AD-8328-5CE352CABA7D}.Release|Any CPU.Build.0 = Release|Any CPU
		{564A7C47-3304-479F-A475-11425C079545}.Debug|Any CPU.ActiveCfg = Debug|Any CPU
		{564A7C47-3304-479F-A475-11425C079545}.Debug|Any CPU.Build.0 = Debug|Any CPU
		{564A7C47-3304-479F-A475-11425C079545}.Release|Any CPU.ActiveCfg = Release|Any CPU
		{564A7C47-3304-479F-A475-11425C079545}.Release|Any CPU.Build.0 = Release|Any CPU
		{937C6AF0-F0A5-42C9-982A-66756F856C47}.Debug|Any CPU.ActiveCfg = Debug|Any CPU
		{937C6AF0-F0A5-42C9-982A-66756F856C47}.Debug|Any CPU.Build.0 = Debug|Any CPU
		{937C6AF0-F0A5-42C9-982A-66756F856C47}.Release|Any CPU.ActiveCfg = Release|Any CPU
		{937C6AF0-F0A5-42C9-982A-66756F856C47}.Release|Any CPU.Build.0 = Release|Any CPU
		{EC32A3BE-DA27-4B01-896B-0832F29ADFF5}.Debug|Any CPU.ActiveCfg = Debug|Any CPU
		{EC32A3BE-DA27-4B01-896B-0832F29ADFF5}.Debug|Any CPU.Build.0 = Debug|Any CPU
		{EC32A3BE-DA27-4B01-896B-0832F29ADFF5}.Release|Any CPU.ActiveCfg = Release|Any CPU
		{EC32A3BE-DA27-4B01-896B-0832F29ADFF5}.Release|Any CPU.Build.0 = Release|Any CPU
	EndGlobalSection
	GlobalSection(SolutionProperties) = preSolution
		HideSolutionNode = FALSE
	EndGlobalSection
	GlobalSection(ExtensibilityGlobals) = postSolution
		SolutionGuid = {EA9C1732-0DC0-4D90-9B97-CB5C67959038}
	EndGlobalSection
EndGlobal
