
Microsoft Visual Studio Solution File, Format Version 12.00
# Visual Studio Version 16
VisualStudioVersion = 16.0.31112.23
MinimumVisualStudioVersion = 10.0.40219.1
Project("{9A19103F-16F7-4668-BE54-9A1E7A4F7556}") = "1.SortEvenNumbers", "1.SortEvenNumbers\1.SortEvenNumbers.csproj", "{CAC37DD2-149E-4B3E-A337-9FB3FB0AABD4}"
EndProject
Project("{FAE04EC0-301F-11D3-BF4B-00C04F79EFBC}") = "2.KnightsOfHonor", "2.KnightsOfHonor\2.KnightsOfHonor.csproj", "{6F516FE0-F317-445C-A522-9557D62CD78F}"
EndProject
Project("{FAE04EC0-301F-11D3-BF4B-00C04F79EFBC}") = "3.CustomMinFunction", "3.CustomMinFunction\3.CustomMinFunction.csproj", "{30C7ABAA-AC7B-4246-94BE-05775B22C65E}"
EndProject
Project("{FAE04EC0-301F-11D3-BF4B-00C04F79EFBC}") = "4.FindEvensOrOdds", "4.FindEvensOrOdds\4.FindEvensOrOdds.csproj", "{0D99CCA2-A518-4309-BEC7-94726F30D70F}"
EndProject
Project("{FAE04EC0-301F-11D3-BF4B-00C04F79EFBC}") = "5.AppliedArithemtics", "5.AppliedArithemtics\5.AppliedArithemtics.csproj", "{9CC84D51-42DC-4881-98A1-D60F0C07BAA1}"
EndProject
Global
	GlobalSection(SolutionConfigurationPlatforms) = preSolution
		Debug|Any CPU = Debug|Any CPU
		Release|Any CPU = Release|Any CPU
	EndGlobalSection
	GlobalSection(ProjectConfigurationPlatforms) = postSolution
		{CAC37DD2-149E-4B3E-A337-9FB3FB0AABD4}.Debug|Any CPU.ActiveCfg = Debug|Any CPU
		{CAC37DD2-149E-4B3E-A337-9FB3FB0AABD4}.Debug|Any CPU.Build.0 = Debug|Any CPU
		{CAC37DD2-149E-4B3E-A337-9FB3FB0AABD4}.Release|Any CPU.ActiveCfg = Release|Any CPU
		{CAC37DD2-149E-4B3E-A337-9FB3FB0AABD4}.Release|Any CPU.Build.0 = Release|Any CPU
		{6F516FE0-F317-445C-A522-9557D62CD78F}.Debug|Any CPU.ActiveCfg = Debug|Any CPU
		{6F516FE0-F317-445C-A522-9557D62CD78F}.Debug|Any CPU.Build.0 = Debug|Any CPU
		{6F516FE0-F317-445C-A522-9557D62CD78F}.Release|Any CPU.ActiveCfg = Release|Any CPU
		{6F516FE0-F317-445C-A522-9557D62CD78F}.Release|Any CPU.Build.0 = Release|Any CPU
		{30C7ABAA-AC7B-4246-94BE-05775B22C65E}.Debug|Any CPU.ActiveCfg = Debug|Any CPU
		{30C7ABAA-AC7B-4246-94BE-05775B22C65E}.Debug|Any CPU.Build.0 = Debug|Any CPU
		{30C7ABAA-AC7B-4246-94BE-05775B22C65E}.Release|Any CPU.ActiveCfg = Release|Any CPU
		{30C7ABAA-AC7B-4246-94BE-05775B22C65E}.Release|Any CPU.Build.0 = Release|Any CPU
		{0D99CCA2-A518-4309-BEC7-94726F30D70F}.Debug|Any CPU.ActiveCfg = Debug|Any CPU
		{0D99CCA2-A518-4309-BEC7-94726F30D70F}.Debug|Any CPU.Build.0 = Debug|Any CPU
		{0D99CCA2-A518-4309-BEC7-94726F30D70F}.Release|Any CPU.ActiveCfg = Release|Any CPU
		{0D99CCA2-A518-4309-BEC7-94726F30D70F}.Release|Any CPU.Build.0 = Release|Any CPU
		{9CC84D51-42DC-4881-98A1-D60F0C07BAA1}.Debug|Any CPU.ActiveCfg = Debug|Any CPU
		{9CC84D51-42DC-4881-98A1-D60F0C07BAA1}.Debug|Any CPU.Build.0 = Debug|Any CPU
		{9CC84D51-42DC-4881-98A1-D60F0C07BAA1}.Release|Any CPU.ActiveCfg = Release|Any CPU
		{9CC84D51-42DC-4881-98A1-D60F0C07BAA1}.Release|Any CPU.Build.0 = Release|Any CPU
	EndGlobalSection
	GlobalSection(SolutionProperties) = preSolution
		HideSolutionNode = FALSE
	EndGlobalSection
	GlobalSection(ExtensibilityGlobals) = postSolution
		SolutionGuid = {50743043-9C29-4042-A119-754B3B0811C7}
	EndGlobalSection
EndGlobal
