
Microsoft Visual Studio Solution File, Format Version 12.00
# Visual Studio Version 17
VisualStudioVersion = 17.0.32112.339
MinimumVisualStudioVersion = 10.0.40219.1
Project("{FAE04EC0-301F-11D3-BF4B-00C04F79EFBC}") = "Workshop2021", "Workshop2021\Workshop2021.csproj", "{8FDC19FC-7711-48B5-BB36-0B1D69B9C4BC}"
EndProject
Global
	GlobalSection(SolutionConfigurationPlatforms) = preSolution
		Debug|Any CPU = Debug|Any CPU
		Release|Any CPU = Release|Any CPU
	EndGlobalSection
	GlobalSection(ProjectConfigurationPlatforms) = postSolution
		{8FDC19FC-7711-48B5-BB36-0B1D69B9C4BC}.Debug|Any CPU.ActiveCfg = Debug|Any CPU
		{8FDC19FC-7711-48B5-BB36-0B1D69B9C4BC}.Debug|Any CPU.Build.0 = Debug|Any CPU
		{8FDC19FC-7711-48B5-BB36-0B1D69B9C4BC}.Release|Any CPU.ActiveCfg = Release|Any CPU
		{8FDC19FC-7711-48B5-BB36-0B1D69B9C4BC}.Release|Any CPU.Build.0 = Release|Any CPU
	EndGlobalSection
	GlobalSection(SolutionProperties) = preSolution
		HideSolutionNode = FALSE
	EndGlobalSection
	GlobalSection(ExtensibilityGlobals) = postSolution
		SolutionGuid = {01EE685D-A4FE-43AC-90A4-9225569B848D}
	EndGlobalSection
EndGlobal
