
Microsoft Visual Studio Solution File, Format Version 12.00
# Visual Studio Version 16
VisualStudioVersion = 16.0.30011.22
MinimumVisualStudioVersion = 10.0.40219.1
Project("{FAE04EC0-301F-11D3-BF4B-00C04F79EFBC}") = "Exercise1", "Exercise1\Exercise1.csproj", "{927A678B-0404-46F8-BF29-6885402DFDD1}"
EndProject
Project("{FAE04EC0-301F-11D3-BF4B-00C04F79EFBC}") = "Exercise2", "Exercise2\Exercise2.csproj", "{37538B6E-8EA0-4D90-9BE8-8F61654EAAE7}"
EndProject
Project("{FAE04EC0-301F-11D3-BF4B-00C04F79EFBC}") = "Exercise3", "Exercise3\Exercise3.csproj", "{04961611-1B85-45D0-AD0A-D91D1C57A13B}"
EndProject
Project("{FAE04EC0-301F-11D3-BF4B-00C04F79EFBC}") = "exercise4", "exercise4\exercise4.csproj", "{CC1BFD8C-6B15-4C91-B7AF-922F35CECAED}"
EndProject
Project("{FAE04EC0-301F-11D3-BF4B-00C04F79EFBC}") = "exercise5", "exercise5\exercise5.csproj", "{7109D0C4-6AA8-4B2F-93B9-E50362092BA6}"
EndProject
Project("{FAE04EC0-301F-11D3-BF4B-00C04F79EFBC}") = "Exercise6", "Exercise6\Exercise6.csproj", "{F9918F85-9572-4B97-9562-89EB9482BDC1}"
EndProject
Global
	GlobalSection(SolutionConfigurationPlatforms) = preSolution
		Debug|Any CPU = Debug|Any CPU
		Release|Any CPU = Release|Any CPU
	EndGlobalSection
	GlobalSection(ProjectConfigurationPlatforms) = postSolution
		{927A678B-0404-46F8-BF29-6885402DFDD1}.Debug|Any CPU.ActiveCfg = Debug|Any CPU
		{927A678B-0404-46F8-BF29-6885402DFDD1}.Debug|Any CPU.Build.0 = Debug|Any CPU
		{927A678B-0404-46F8-BF29-6885402DFDD1}.Release|Any CPU.ActiveCfg = Release|Any CPU
		{927A678B-0404-46F8-BF29-6885402DFDD1}.Release|Any CPU.Build.0 = Release|Any CPU
		{37538B6E-8EA0-4D90-9BE8-8F61654EAAE7}.Debug|Any CPU.ActiveCfg = Debug|Any CPU
		{37538B6E-8EA0-4D90-9BE8-8F61654EAAE7}.Debug|Any CPU.Build.0 = Debug|Any CPU
		{37538B6E-8EA0-4D90-9BE8-8F61654EAAE7}.Release|Any CPU.ActiveCfg = Release|Any CPU
		{37538B6E-8EA0-4D90-9BE8-8F61654EAAE7}.Release|Any CPU.Build.0 = Release|Any CPU
		{04961611-1B85-45D0-AD0A-D91D1C57A13B}.Debug|Any CPU.ActiveCfg = Debug|Any CPU
		{04961611-1B85-45D0-AD0A-D91D1C57A13B}.Debug|Any CPU.Build.0 = Debug|Any CPU
		{04961611-1B85-45D0-AD0A-D91D1C57A13B}.Release|Any CPU.ActiveCfg = Release|Any CPU
		{04961611-1B85-45D0-AD0A-D91D1C57A13B}.Release|Any CPU.Build.0 = Release|Any CPU
		{CC1BFD8C-6B15-4C91-B7AF-922F35CECAED}.Debug|Any CPU.ActiveCfg = Debug|Any CPU
		{CC1BFD8C-6B15-4C91-B7AF-922F35CECAED}.Debug|Any CPU.Build.0 = Debug|Any CPU
		{CC1BFD8C-6B15-4C91-B7AF-922F35CECAED}.Release|Any CPU.ActiveCfg = Release|Any CPU
		{CC1BFD8C-6B15-4C91-B7AF-922F35CECAED}.Release|Any CPU.Build.0 = Release|Any CPU
		{7109D0C4-6AA8-4B2F-93B9-E50362092BA6}.Debug|Any CPU.ActiveCfg = Debug|Any CPU
		{7109D0C4-6AA8-4B2F-93B9-E50362092BA6}.Debug|Any CPU.Build.0 = Debug|Any CPU
		{7109D0C4-6AA8-4B2F-93B9-E50362092BA6}.Release|Any CPU.ActiveCfg = Release|Any CPU
		{7109D0C4-6AA8-4B2F-93B9-E50362092BA6}.Release|Any CPU.Build.0 = Release|Any CPU
		{F9918F85-9572-4B97-9562-89EB9482BDC1}.Debug|Any CPU.ActiveCfg = Debug|Any CPU
		{F9918F85-9572-4B97-9562-89EB9482BDC1}.Debug|Any CPU.Build.0 = Debug|Any CPU
		{F9918F85-9572-4B97-9562-89EB9482BDC1}.Release|Any CPU.ActiveCfg = Release|Any CPU
		{F9918F85-9572-4B97-9562-89EB9482BDC1}.Release|Any CPU.Build.0 = Release|Any CPU
	EndGlobalSection
	GlobalSection(SolutionProperties) = preSolution
		HideSolutionNode = FALSE
	EndGlobalSection
	GlobalSection(ExtensibilityGlobals) = postSolution
		SolutionGuid = {79B82445-9164-4F9B-94DC-2D1D7890BAEA}
	EndGlobalSection
EndGlobal
