
Microsoft Visual Studio Solution File, Format Version 12.00
# Visual Studio Version 16
VisualStudioVersion = 16.0.31112.23
MinimumVisualStudioVersion = 10.0.40219.1
Project("{9A19103F-16F7-4668-BE54-9A1E7A4F7556}") = "ClassroomProject", "ClassroomProject.csproj", "{A3D93F31-A94D-462B-87D1-CF74281AD4D2}"
EndProject
Global
	GlobalSection(SolutionConfigurationPlatforms) = preSolution
		Debug|Any CPU = Debug|Any CPU
		Release|Any CPU = Release|Any CPU
	EndGlobalSection
	GlobalSection(ProjectConfigurationPlatforms) = postSolution
		{A3D93F31-A94D-462B-87D1-CF74281AD4D2}.Debug|Any CPU.ActiveCfg = Debug|Any CPU
		{A3D93F31-A94D-462B-87D1-CF74281AD4D2}.Debug|Any CPU.Build.0 = Debug|Any CPU
		{A3D93F31-A94D-462B-87D1-CF74281AD4D2}.Release|Any CPU.ActiveCfg = Release|Any CPU
		{A3D93F31-A94D-462B-87D1-CF74281AD4D2}.Release|Any CPU.Build.0 = Release|Any CPU
	EndGlobalSection
	GlobalSection(SolutionProperties) = preSolution
		HideSolutionNode = FALSE
	EndGlobalSection
	GlobalSection(ExtensibilityGlobals) = postSolution
		SolutionGuid = {3D6EF5D6-67DD-4742-A5E7-E29712B98FB3}
	EndGlobalSection
EndGlobal
