
Microsoft Visual Studio Solution File, Format Version 12.00
# Visual Studio Version 16
VisualStudioVersion = 16.0.30011.22
MinimumVisualStudioVersion = 10.0.40219.1
Project("{FAE04EC0-301F-11D3-BF4B-00C04F79EFBC}") = "exercise1", "exercise1\exercise1.csproj", "{93B83349-7302-4195-AC91-157146FE15D8}"
EndProject
Project("{FAE04EC0-301F-11D3-BF4B-00C04F79EFBC}") = "exercise2", "exercise2\exercise2.csproj", "{1DCE9881-0CB3-4774-9B3C-F5BE00C1E5E1}"
EndProject
Project("{FAE04EC0-301F-11D3-BF4B-00C04F79EFBC}") = "exercise3", "exercise3\exercise3.csproj", "{547C08CC-CD69-4680-97CA-4DA11D0814CA}"
EndProject
Project("{FAE04EC0-301F-11D3-BF4B-00C04F79EFBC}") = "exercise4", "exercise4\exercise4.csproj", "{C97988BF-4C77-4A89-A361-666E0808AB1F}"
EndProject
Project("{FAE04EC0-301F-11D3-BF4B-00C04F79EFBC}") = "exercise5", "exercise5\exercise5.csproj", "{D176EB52-269F-4A7F-BD99-52248F439523}"
EndProject
Project("{FAE04EC0-301F-11D3-BF4B-00C04F79EFBC}") = "exercise6", "exercise6\exercise6.csproj", "{074A7C82-C914-4811-858B-3CE3C0F060F5}"
EndProject
Global
	GlobalSection(SolutionConfigurationPlatforms) = preSolution
		Debug|Any CPU = Debug|Any CPU
		Release|Any CPU = Release|Any CPU
	EndGlobalSection
	GlobalSection(ProjectConfigurationPlatforms) = postSolution
		{93B83349-7302-4195-AC91-157146FE15D8}.Debug|Any CPU.ActiveCfg = Debug|Any CPU
		{93B83349-7302-4195-AC91-157146FE15D8}.Debug|Any CPU.Build.0 = Debug|Any CPU
		{93B83349-7302-4195-AC91-157146FE15D8}.Release|Any CPU.ActiveCfg = Release|Any CPU
		{93B83349-7302-4195-AC91-157146FE15D8}.Release|Any CPU.Build.0 = Release|Any CPU
		{1DCE9881-0CB3-4774-9B3C-F5BE00C1E5E1}.Debug|Any CPU.ActiveCfg = Debug|Any CPU
		{1DCE9881-0CB3-4774-9B3C-F5BE00C1E5E1}.Debug|Any CPU.Build.0 = Debug|Any CPU
		{1DCE9881-0CB3-4774-9B3C-F5BE00C1E5E1}.Release|Any CPU.ActiveCfg = Release|Any CPU
		{1DCE9881-0CB3-4774-9B3C-F5BE00C1E5E1}.Release|Any CPU.Build.0 = Release|Any CPU
		{547C08CC-CD69-4680-97CA-4DA11D0814CA}.Debug|Any CPU.ActiveCfg = Debug|Any CPU
		{547C08CC-CD69-4680-97CA-4DA11D0814CA}.Debug|Any CPU.Build.0 = Debug|Any CPU
		{547C08CC-CD69-4680-97CA-4DA11D0814CA}.Release|Any CPU.ActiveCfg = Release|Any CPU
		{547C08CC-CD69-4680-97CA-4DA11D0814CA}.Release|Any CPU.Build.0 = Release|Any CPU
		{C97988BF-4C77-4A89-A361-666E0808AB1F}.Debug|Any CPU.ActiveCfg = Debug|Any CPU
		{C97988BF-4C77-4A89-A361-666E0808AB1F}.Debug|Any CPU.Build.0 = Debug|Any CPU
		{C97988BF-4C77-4A89-A361-666E0808AB1F}.Release|Any CPU.ActiveCfg = Release|Any CPU
		{C97988BF-4C77-4A89-A361-666E0808AB1F}.Release|Any CPU.Build.0 = Release|Any CPU
		{D176EB52-269F-4A7F-BD99-52248F439523}.Debug|Any CPU.ActiveCfg = Debug|Any CPU
		{D176EB52-269F-4A7F-BD99-52248F439523}.Debug|Any CPU.Build.0 = Debug|Any CPU
		{D176EB52-269F-4A7F-BD99-52248F439523}.Release|Any CPU.ActiveCfg = Release|Any CPU
		{D176EB52-269F-4A7F-BD99-52248F439523}.Release|Any CPU.Build.0 = Release|Any CPU
		{074A7C82-C914-4811-858B-3CE3C0F060F5}.Debug|Any CPU.ActiveCfg = Debug|Any CPU
		{074A7C82-C914-4811-858B-3CE3C0F060F5}.Debug|Any CPU.Build.0 = Debug|Any CPU
		{074A7C82-C914-4811-858B-3CE3C0F060F5}.Release|Any CPU.ActiveCfg = Release|Any CPU
		{074A7C82-C914-4811-858B-3CE3C0F060F5}.Release|Any CPU.Build.0 = Release|Any CPU
	EndGlobalSection
	GlobalSection(SolutionProperties) = preSolution
		HideSolutionNode = FALSE
	EndGlobalSection
	GlobalSection(ExtensibilityGlobals) = postSolution
		SolutionGuid = {C3132A5D-6824-4A05-8B7D-1FEBB4744E15}
	EndGlobalSection
EndGlobal
