
Microsoft Visual Studio Solution File, Format Version 12.00
# Visual Studio Version 16
VisualStudioVersion = 16.0.31112.23
MinimumVisualStudioVersion = 10.0.40219.1
Project("{FAE04EC0-301F-11D3-BF4B-00C04F79EFBC}") = "1. Count Real Numbers", "1. Count Real Numbers\1. Count Real Numbers.csproj", "{45FF722B-9BD2-4F6D-B36E-A8BB69095CBB}"
EndProject
Project("{FAE04EC0-301F-11D3-BF4B-00C04F79EFBC}") = "2. Odd Occurrences", "2. Odd Occurrences\2. Odd Occurrences.csproj", "{69537433-D6A8-4082-A79E-A45AE209EBE1}"
EndProject
Project("{FAE04EC0-301F-11D3-BF4B-00C04F79EFBC}") = "3. Word Synonyms", "3. Word Synonyms\3. Word Synonyms.csproj", "{74D27941-7846-4183-984D-C186CF89367C}"
EndProject
Global
	GlobalSection(SolutionConfigurationPlatforms) = preSolution
		Debug|Any CPU = Debug|Any CPU
		Release|Any CPU = Release|Any CPU
	EndGlobalSection
	GlobalSection(ProjectConfigurationPlatforms) = postSolution
		{45FF722B-9BD2-4F6D-B36E-A8BB69095CBB}.Debug|Any CPU.ActiveCfg = Debug|Any CPU
		{45FF722B-9BD2-4F6D-B36E-A8BB69095CBB}.Debug|Any CPU.Build.0 = Debug|Any CPU
		{45FF722B-9BD2-4F6D-B36E-A8BB69095CBB}.Release|Any CPU.ActiveCfg = Release|Any CPU
		{45FF722B-9BD2-4F6D-B36E-A8BB69095CBB}.Release|Any CPU.Build.0 = Release|Any CPU
		{69537433-D6A8-4082-A79E-A45AE209EBE1}.Debug|Any CPU.ActiveCfg = Debug|Any CPU
		{69537433-D6A8-4082-A79E-A45AE209EBE1}.Debug|Any CPU.Build.0 = Debug|Any CPU
		{69537433-D6A8-4082-A79E-A45AE209EBE1}.Release|Any CPU.ActiveCfg = Release|Any CPU
		{69537433-D6A8-4082-A79E-A45AE209EBE1}.Release|Any CPU.Build.0 = Release|Any CPU
		{74D27941-7846-4183-984D-C186CF89367C}.Debug|Any CPU.ActiveCfg = Debug|Any CPU
		{74D27941-7846-4183-984D-C186CF89367C}.Debug|Any CPU.Build.0 = Debug|Any CPU
		{74D27941-7846-4183-984D-C186CF89367C}.Release|Any CPU.ActiveCfg = Release|Any CPU
		{74D27941-7846-4183-984D-C186CF89367C}.Release|Any CPU.Build.0 = Release|Any CPU
	EndGlobalSection
	GlobalSection(SolutionProperties) = preSolution
		HideSolutionNode = FALSE
	EndGlobalSection
	GlobalSection(ExtensibilityGlobals) = postSolution
		SolutionGuid = {61FD6E16-4274-4BC1-86A5-46E110FF6F0E}
	EndGlobalSection
EndGlobal
